Microsoft Visual Studio Solution File, Format Version 11.00
# Visual Studio 2008

Project("{4AA4B1A1-88FB-6788-B2E3-8C32A775A275}") = "Wall Breaker", "Assembly-CSharp.csproj", "{B4697DA2-13C5-1993-97D3-15C873244E19}"
EndProject
Global
	GlobalSection(SolutionConfigurationPlatforms) = preSolution
		Debug|Any CPU = Debug|Any CPU
		Release|Any CPU = Release|Any CPU
	EndGlobalSection
	GlobalSection(ProjectConfigurationPlatforms) = postSolution
		{B4697DA2-13C5-1993-97D3-15C873244E19}.Debug|Any CPU.ActiveCfg = Debug|Any CPU
		{B4697DA2-13C5-1993-97D3-15C873244E19}.Debug|Any CPU.Build.0 = Debug|Any CPU
		{B4697DA2-13C5-1993-97D3-15C873244E19}.Release|Any CPU.ActiveCfg = Release|Any CPU
		{B4697DA2-13C5-1993-97D3-15C873244E19}.Release|Any CPU.Build.0 = Release|Any CPU
	EndGlobalSection
	GlobalSection(SolutionProperties) = preSolution
		HideSolutionNode = FALSE
	EndGlobalSection
	GlobalSection(MonoDevelopProperties) = preSolution
		StartupItem = Assembly-CSharp.csproj
	EndGlobalSection
EndGlobal
